{
  "nodes": {
    "darwin": {
      "inputs": {
        "nixpkgs": [
          "nixpkgs-unstable"
        ]
      },
      "locked": {
        "lastModified": 1700795494,
        "narHash": "sha256-gzGLZSiOhf155FW7262kdHo2YDeugp3VuIFb4/GGng0=",
        "owner": "LnL7",
        "repo": "nix-darwin",
        "rev": "4b9b83d5a92e8c1fbfd8eb27eda375908c11ec4d",
        "type": "github"
      },
      "original": {
        "owner": "LnL7",
        "repo": "nix-darwin",
        "type": "github"
      }
    },
    "home-manager": {
      "inputs": {
        "nixpkgs": [
          "nixpkgs-unstable"
        ]
      },
      "locked": {
        "lastModified": 1702538064,
        "narHash": "sha256-At5GwJPu2tzvS9dllhBoZmqK6lkkh/sOp2YefWRlaL8=",
        "owner": "nix-community",
        "repo": "home-manager",
        "rev": "0e2e443ff24f9d75925e91b89d1da44b863734af",
        "type": "github"
      },
      "original": {
        "owner": "nix-community",
        "repo": "home-manager",
        "type": "github"
      }
    },
    "nixpkgs": {
      "locked": {
        "lastModified": 1702508050,
        "narHash": "sha256-imn+/Rj+bqagOSm7GmRDbrqkxtc7QnjY3Cu85gv46BU=",
        "owner": "NixOS",
        "repo": "nixpkgs",
        "rev": "fd04bea4cbf76f86f244b9e2549fca066db8ddff",
        "type": "github"
      },
      "original": {
        "id": "nixpkgs",
        "type": "indirect"
      }
    },
    "nixpkgs-master": {
      "locked": {
        "lastModified": 1702624455,
        "narHash": "sha256-mBk+4dHtWtq8IETOxSrAQAaDOdRWsX4II1Ry6YctahU=",
        "owner": "NixOS",
        "repo": "nixpkgs",
        "rev": "28089f8874ffdd06c52dc3b8e94dccf6ac8fffa8",
        "type": "github"
      },
      "original": {
        "owner": "NixOS",
        "ref": "master",
        "repo": "nixpkgs",
        "type": "github"
      }
    },
    "nixpkgs-stable": {
      "locked": {
        "lastModified": 1702418045,
        "narHash": "sha256-N6Ru9/VcWH+L9l9KnoODv3WxZnPbK1L7x1Y+Vy+I6nw=",
        "owner": "NixOS",
        "repo": "nixpkgs",
        "rev": "879e5b966a21be8a6232f0b290a30504b883f729",
        "type": "github"
      },
      "original": {
        "owner": "NixOS",
        "ref": "nixpkgs-23.05-darwin",
        "repo": "nixpkgs",
        "type": "github"
      }
    },
    "nixpkgs-unstable": {
      "locked": {
        "lastModified": 1702508050,
        "narHash": "sha256-imn+/Rj+bqagOSm7GmRDbrqkxtc7QnjY3Cu85gv46BU=",
        "owner": "NixOS",
        "repo": "nixpkgs",
        "rev": "fd04bea4cbf76f86f244b9e2549fca066db8ddff",
        "type": "github"
      },
      "original": {
        "owner": "NixOS",
        "ref": "nixpkgs-unstable",
        "repo": "nixpkgs",
        "type": "github"
      }
    },
    "root": {
      "inputs": {
        "darwin": "darwin",
        "home-manager": "home-manager",
        "nixpkgs": "nixpkgs",
        "nixpkgs-master": "nixpkgs-master",
        "nixpkgs-stable": "nixpkgs-stable",
        "nixpkgs-unstable": "nixpkgs-unstable",
        "utils": "utils"
      }
    },
    "systems": {
      "locked": {
        "lastModified": 1681028828,
        "narHash": "sha256-Vy1rq5AaRuLzOxct8nz4T6wlgyUR7zLU309k9mBC768=",
        "owner": "nix-systems",
        "repo": "default",
        "rev": "da67096a3b9bf56a91d16901293e51ba5b49a27e",
        "type": "github"
      },
      "original": {
        "owner": "nix-systems",
        "repo": "default",
        "type": "github"
      }
    },
    "utils": {
      "inputs": {
        "systems": "systems"
      },
      "locked": {
        "lastModified": 1701680307,
        "narHash": "sha256-kAuep2h5ajznlPMD9rnQyffWG8EM/C73lejGofXvdM8=",
        "owner": "numtide",
        "repo": "flake-utils",
        "rev": "4022d587cbbfd70fe950c1e2083a02621806a725",
        "type": "github"
      },
      "original": {
        "owner": "numtide",
        "repo": "flake-utils",
        "type": "github"
      }
    }
  },
  "root": "root",
  "version": 7
}
